
Microsoft Visual Studio Solution File, Format Version 12.00
# Visual Studio Version 17
VisualStudioVersion = 17.2.32526.322
MinimumVisualStudioVersion = 10.0.40219.1
Project("{FAE04EC0-301F-11D3-BF4B-00C04F79EFBC}") = "CreacionDeTablasBermelloVera", "CreacionDeTablasBermelloVera\CreacionDeTablasBermelloVera.csproj", "{41BA22F4-73B5-47D9-9272-FB5609145276}"
EndProject
Global
	GlobalSection(SolutionConfigurationPlatforms) = preSolution
		Debug|Any CPU = Debug|Any CPU
		Release|Any CPU = Release|Any CPU
	EndGlobalSection
	GlobalSection(ProjectConfigurationPlatforms) = postSolution
		{41BA22F4-73B5-47D9-9272-FB5609145276}.Debug|Any CPU.ActiveCfg = Debug|Any CPU
		{41BA22F4-73B5-47D9-9272-FB5609145276}.Debug|Any CPU.Build.0 = Debug|Any CPU
		{41BA22F4-73B5-47D9-9272-FB5609145276}.Release|Any CPU.ActiveCfg = Release|Any CPU
		{41BA22F4-73B5-47D9-9272-FB5609145276}.Release|Any CPU.Build.0 = Release|Any CPU
	EndGlobalSection
	GlobalSection(SolutionProperties) = preSolution
		HideSolutionNode = FALSE
	EndGlobalSection
	GlobalSection(ExtensibilityGlobals) = postSolution
		SolutionGuid = {69D13F91-675A-49C4-9C5B-C20FE967F078}
	EndGlobalSection
EndGlobal
